// !$*UTF8*$!
{
	archiveVersion = 1;
	classes = {
	};
	objectVersion = 46;
	objects = {

/* Begin PBXBuildFile section */
		183E97C119D139B60045453A /* main.m in Sources */ = {isa = PBXBuildFile; fileRef = 183E97C019D139B60045453A /* main.m */; };
		183E97C419D139B60045453A /* AppDelegate.m in Sources */ = {isa = PBXBuildFile; fileRef = 183E97C319D139B60045453A /* AppDelegate.m */; };
		183E97C719D139B60045453A /* ViewController.m in Sources */ = {isa = PBXBuildFile; fileRef = 183E97C619D139B60045453A /* ViewController.m */; };
		183E97CA19D139B60045453A /* Main.storyboard in Resources */ = {isa = PBXBuildFile; fileRef = 183E97C819D139B60045453A /* Main.storyboard */; };
		183E97CC19D139B60045453A /* Images.xcassets in Resources */ = {isa = PBXBuildFile; fileRef = 183E97CB19D139B60045453A /* Images.xcassets */; };
		183E97CF19D139B60045453A /* LaunchScreen.xib in Resources */ = {isa = PBXBuildFile; fileRef = 183E97CD19D139B60045453A /* LaunchScreen.xib */; };
		183E97DB19D139B60045453A /* HideKeyboardTests.m in Sources */ = {isa = PBXBuildFile; fileRef = 183E97DA19D139B60045453A /* HideKeyboardTests.m */; };
/* End PBXBuildFile section */

/* Begin PBXContainerItemProxy section */
		183E97D519D139B60045453A /* PBXContainerItemProxy */ = {
			isa = PBXContainerItemProxy;
			containerPortal = 183E97B319D139B60045453A /* Project object */;
			proxyType = 1;
			remoteGlobalIDString = 183E97BA19D139B60045453A;
			remoteInfo = HideKeyboard;
		};
/* End PBXContainerItemProxy section */

/* Begin PBXFileReference section */
		183E97BB19D139B60045453A /* HideKeyboard.app */ = {isa = PBXFileReference; explicitFileType = wrapper.application; includeInIndex = 0; path = HideKeyboard.app; sourceTree = BUILT_PRODUCTS_DIR; };
		183E97BF19D139B60045453A /* Info.plist */ = {isa = PBXFileReference; lastKnownFileType = text.plist.xml; path = Info.plist; sourceTree = "<group>"; };
		183E97C019D139B60045453A /* main.m */ = {isa = PBXFileReference; lastKnownFileType = sourcecode.c.objc; path = main.m; sourceTree = "<group>"; };
		183E97C219D139B60045453A /* AppDelegate.h */ = {isa = PBXFileReference; lastKnownFileType = sourcecode.c.h; path = AppDelegate.h; sourceTree = "<group>"; };
		183E97C319D139B60045453A /* AppDelegate.m */ = {isa = PBXFileReference; lastKnownFileType = sourcecode.c.objc; path = AppDelegate.m; sourceTree = "<group>"; };
		183E97C519D139B60045453A /* ViewController.h */ = {isa = PBXFileReference; lastKnownFileType = sourcecode.c.h; path = ViewController.h; sourceTree = "<group>"; };
		183E97C619D139B60045453A /* ViewController.m */ = {isa = PBXFileReference; lastKnownFileType = sourcecode.c.objc; path = ViewController.m; sourceTree = "<group>"; };
		183E97C919D139B60045453A /* Base */ = {isa = PBXFileReference; lastKnownFileType = file.storyboard; name = Base; path = Base.lproj/Main.storyboard; sourceTree = "<group>"; };
		183E97CB19D139B60045453A /* Images.xcassets */ = {isa = PBXFileReference; lastKnownFileType = folder.assetcatalog; path = Images.xcassets; sourceTree = "<group>"; };
		183E97CE19D139B60045453A /* Base */ = {isa = PBXFileReference; lastKnownFileType = file.xib; name = Base; path = Base.lproj/LaunchScreen.xib; sourceTree = "<group>"; };
		183E97D419D139B60045453A /* HideKeyboardTests.xctest */ = {isa = PBXFileReference; explicitFileType = wrapper.cfbundle; includeInIndex = 0; path = HideKeyboardTests.xctest; sourceTree = BUILT_PRODUCTS_DIR; };
		183E97D919D139B60045453A /* Info.plist */ = {isa = PBXFileReference; lastKnownFileType = text.plist.xml; path = Info.plist; sourceTree = "<group>"; };
		183E97DA19D139B60045453A /* HideKeyboardTests.m */ = {isa = PBXFileReference; lastKnownFileType = sourcecode.c.objc; path = HideKeyboardTests.m; sourceTree = "<group>"; };
/* End PBXFileReference section */

/* Begin PBXFrameworksBuildPhase section */
		183E97B819D139B60045453A /* Frameworks */ = {
			isa = PBXFrameworksBuildPhase;
			buildActionMask = 2147483647;
			files = (
			);
			runOnlyForDeploymentPostprocessing = 0;
		};
		183E97D119D139B60045453A /* Frameworks */ = {
			isa = PBXFrameworksBuildPhase;
			buildActionMask = 2147483647;
			files = (
			);
			runOnlyForDeploymentPostprocessing = 0;
		};
/* End PBXFrameworksBuildPhase section */

/* Begin PBXGroup section */
		183E97B219D139B60045453A = {
			isa = PBXGroup;
			children = (
				183E97BD19D139B60045453A /* HideKeyboard */,
				183E97D719D139B60045453A /* HideKeyboardTests */,
				183E97BC19D139B60045453A /* Products */,
			);
			sourceTree = "<group>";
		};
		183E97BC19D139B60045453A /* Products */ = {
			isa = PBXGroup;
			children = (
				183E97BB19D139B60045453A /* HideKeyboard.app */,
				183E97D419D139B60045453A /* HideKeyboardTests.xctest */,
			);
			name = Products;
			sourceTree = "<group>";
		};
		183E97BD19D139B60045453A /* HideKeyboard */ = {
			isa = PBXGroup;
			children = (
				183E97C219D139B60045453A /* AppDelegate.h */,
				183E97C319D139B60045453A /* AppDelegate.m */,
				183E97C519D139B60045453A /* ViewController.h */,
				183E97C619D139B60045453A /* ViewController.m */,
				183E97C819D139B60045453A /* Main.storyboard */,
				183E97CB19D139B60045453A /* Images.xcassets */,
				183E97CD19D139B60045453A /* LaunchScreen.xib */,
				183E97BE19D139B60045453A /* Supporting Files */,
			);
			path = HideKeyboard;
			sourceTree = "<group>";
		};
		183E97BE19D139B60045453A /* Supporting Files */ = {
			isa = PBXGroup;
			children = (
				183E97BF19D139B60045453A /* Info.plist */,
				183E97C019D139B60045453A /* main.m */,
			);
			name = "Supporting Files";
			sourceTree = "<group>";
		};
		183E97D719D139B60045453A /* HideKeyboardTests */ = {
			isa = PBXGroup;
			children = (
				183E97DA19D139B60045453A /* HideKeyboardTests.m */,
				183E97D819D139B60045453A /* Supporting Files */,
			);
			path = HideKeyboardTests;
			sourceTree = "<group>";
		};
		183E97D819D139B60045453A /* Supporting Files */ = {
			isa = PBXGroup;
			children = (
				183E97D919D139B60045453A /* Info.plist */,
			);
			name = "Supporting Files";
			sourceTree = "<group>";
		};
/* End PBXGroup section */

/* Begin PBXNativeTarget section */
		183E97BA19D139B60045453A /* HideKeyboard */ = {
			isa = PBXNativeTarget;
			buildConfigurationList = 183E97DE19D139B60045453A /* Build configuration list for PBXNativeTarget "HideKeyboard" */;
			buildPhases = (
				183E97B719D139B60045453A /* Sources */,
				183E97B819D139B60045453A /* Frameworks */,
				183E97B919D139B60045453A /* Resources */,
			);
			buildRules = (
			);
			dependencies = (
			);
			name = HideKeyboard;
			productName = HideKeyboard;
			productReference = 183E97BB19D139B60045453A /* HideKeyboard.app */;
			productType = "com.apple.product-type.application";
		};
		183E97D319D139B60045453A /* HideKeyboardTests */ = {
			isa = PBXNativeTarget;
			buildConfigurationList = 183E97E119D139B60045453A /* Build configuration list for PBXNativeTarget "HideKeyboardTests" */;
			buildPhases = (
				183E97D019D139B60045453A /* Sources */,
				183E97D119D139B60045453A /* Frameworks */,
				183E97D219D139B60045453A /* Resources */,
			);
			buildRules = (
			);
			dependencies = (
				183E97D619D139B60045453A /* PBXTargetDependency */,
			);
			name = HideKeyboardTests;
			productName = HideKeyboardTests;
			productReference = 183E97D419D139B60045453A /* HideKeyboardTests.xctest */;
			productType = "com.apple.product-type.bundle.unit-test";
		};
/* End PBXNativeTarget section */

/* Begin PBXProject section */
		183E97B319D139B60045453A /* Project object */ = {
			isa = PBXProject;
			attributes = {
				LastUpgradeCheck = 0600;
				ORGANIZATIONNAME = RahulSaini;
				TargetAttributes = {
					183E97BA19D139B60045453A = {
						CreatedOnToolsVersion = 6.0.1;
					};
					183E97D319D139B60045453A = {
						CreatedOnToolsVersion = 6.0.1;
						TestTargetID = 183E97BA19D139B60045453A;
					};
				};
			};
			buildConfigurationList = 183E97B619D139B60045453A /* Build configuration list for PBXProject "HideKeyboard" */;
			compatibilityVersion = "Xcode 3.2";
			developmentRegion = English;
			hasScannedForEncodings = 0;
			knownRegions = (
				en,
				Base,
			);
			mainGroup = 183E97B219D139B60045453A;
			productRefGroup = 183E97BC19D139B60045453A /* Products */;
			projectDirPath = "";
			projectRoot = "";
			targets = (
				183E97BA19D139B60045453A /* HideKeyboard */,
				183E97D319D139B60045453A /* HideKeyboardTests */,
			);
		};
/* End PBXProject section */

/* Begin PBXResourcesBuildPhase section */
		183E97B919D139B60045453A /* Resources */ = {
			isa = PBXResourcesBuildPhase;
			buildActionMask = 2147483647;
			files = (
				183E97CA19D139B60045453A /* Main.storyboard in Resources */,
				183E97CF19D139B60045453A /* LaunchScreen.xib in Resources */,
				183E97CC19D139B60045453A /* Images.xcassets in Resources */,
			);
			runOnlyForDeploymentPostprocessing = 0;
		};
		183E97D219D139B60045453A /* Resources */ = {
			isa = PBXResourcesBuildPhase;
			buildActionMask = 2147483647;
			files = (
			);
			runOnlyForDeploymentPostprocessing = 0;
		};
/* End PBXResourcesBuildPhase section */

/* Begin PBXSourcesBuildPhase section */
		183E97B719D139B60045453A /* Sources */ = {
			isa = PBXSourcesBuildPhase;
			buildActionMask = 2147483647;
			files = (
				183E97C719D139B60045453A /* ViewController.m in Sources */,
				183E97C419D139B60045453A /* AppDelegate.m in Sources */,
				183E97C119D139B60045453A /* main.m in Sources */,
			);
			runOnlyForDeploymentPostprocessing = 0;
		};
		183E97D019D139B60045453A /* Sources */ = {
			isa = PBXSourcesBuildPhase;
			buildActionMask = 2147483647;
			files = (
				183E97DB19D139B60045453A /* HideKeyboardTests.m in Sources */,
			);
			runOnlyForDeploymentPostprocessing = 0;
		};
/* End PBXSourcesBuildPhase section */

/* Begin PBXTargetDependency section */
		183E97D619D139B60045453A /* PBXTargetDependency */ = {
			isa = PBXTargetDependency;
			target = 183E97BA19D139B60045453A /* HideKeyboard */;
			targetProxy = 183E97D519D139B60045453A /* PBXContainerItemProxy */;
		};
/* End PBXTargetDependency section */

/* Begin PBXVariantGroup section */
		183E97C819D139B60045453A /* Main.storyboard */ = {
			isa = PBXVariantGroup;
			children = (
				183E97C919D139B60045453A /* Base */,
			);
			name = Main.storyboard;
			sourceTree = "<group>";
		};
		183E97CD19D139B60045453A /* LaunchScreen.xib */ = {
			isa = PBXVariantGroup;
			children = (
				183E97CE19D139B60045453A /* Base */,
			);
			name = LaunchScreen.xib;
			sourceTree = "<group>";
		};
/* End PBXVariantGroup section */

/* Begin XCBuildConfiguration section */
		183E97DC19D139B60045453A /* Debug */ = {
			isa = XCBuildConfiguration;
			buildSettings = {
				ALWAYS_SEARCH_USER_PATHS = NO;
				CLANG_CXX_LANGUAGE_STANDARD = "gnu++0x";
				CLANG_CXX_LIBRARY = "libc++";
				CLANG_ENABLE_MODULES = YES;
				CLANG_ENABLE_OBJC_ARC = YES;
				CLANG_WARN_BOOL_CONVERSION = YES;
				CLANG_WARN_CONSTANT_CONVERSION = YES;
				CLANG_WARN_DIRECT_OBJC_ISA_USAGE = YES_ERROR;
				CLANG_WARN_EMPTY_BODY = YES;
				CLANG_WARN_ENUM_CONVERSION = YES;
				CLANG_WARN_INT_CONVERSION = YES;
				CLANG_WARN_OBJC_ROOT_CLASS = YES_ERROR;
				CLANG_WARN_UNREACHABLE_CODE = YES;
				CLANG_WARN__DUPLICATE_METHOD_MATCH = YES;
				"CODE_SIGN_IDENTITY[sdk=iphoneos*]" = "iPhone Developer";
				COPY_PHASE_STRIP = NO;
				ENABLE_STRICT_OBJC_MSGSEND = YES;
				GCC_C_LANGUAGE_STANDARD = gnu99;
				GCC_DYNAMIC_NO_PIC = NO;
				GCC_OPTIMIZATION_LEVEL = 0;
				GCC_PREPROCESSOR_DEFINITIONS = (
					"DEBUG=1",
					"$(inherited)",
				);
				GCC_SYMBOLS_PRIVATE_EXTERN = NO;
				GCC_WARN_64_TO_32_BIT_CONVERSION = YES;
				GCC_WARN_ABOUT_RETURN_TYPE = YES_ERROR;
				GCC_WARN_UNDECLARED_SELECTOR = YES;
				GCC_WARN_UNINITIALIZED_AUTOS = YES_AGGRESSIVE;
				GCC_WARN_UNUSED_FUNCTION = YES;
				GCC_WARN_UNUSED_VARIABLE = YES;
				IPHONEOS_DEPLOYMENT_TARGET = 8.0;
				MTL_ENABLE_DEBUG_INFO = YES;
				ONLY_ACTIVE_ARCH = YES;
				SDKROOT = iphoneos;
				TARGETED_DEVICE_FAMILY = "1,2";
			};
			name = Debug;
		};
		183E97DD19D139B60045453A /* Release */ = {
			isa = XCBuildConfiguration;
			buildSettings = {
				ALWAYS_SEARCH_USER_PATHS = NO;
				CLANG_CXX_LANGUAGE_STANDARD = "gnu++0x";
				CLANG_CXX_LIBRARY = "libc++";
				CLANG_ENABLE_MODULES = YES;
				CLANG_ENABLE_OBJC_ARC = YES;
				CLANG_WARN_BOOL_CONVERSION = YES;
				CLANG_WARN_CONSTANT_CONVERSION = YES;
				CLANG_WARN_DIRECT_OBJC_ISA_USAGE = YES_ERROR;
				CLANG_WARN_EMPTY_BODY = YES;
				CLANG_WARN_ENUM_CONVERSION = YES;
				CLANG_WARN_INT_CONVERSION = YES;
				CLANG_WARN_OBJC_ROOT_CLASS = YES_ERROR;
				CLANG_WARN_UNREACHABLE_CODE = YES;
				CLANG_WARN__DUPLICATE_METHOD_MATCH = YES;
				"CODE_SIGN_IDENTITY[sdk=iphoneos*]" = "iPhone Developer";
				COPY_PHASE_STRIP = YES;
				ENABLE_NS_ASSERTIONS = NO;
				ENABLE_STRICT_OBJC_MSGSEND = YES;
				GCC_C_LANGUAGE_STANDARD = gnu99;
				GCC_WARN_64_TO_32_BIT_CONVERSION = YES;
				GCC_WARN_ABOUT_RETURN_TYPE = YES_ERROR;
				GCC_WARN_UNDECLARED_SELECTOR = YES;
				GCC_WARN_UNINITIALIZED_AUTOS = YES_AGGRESSIVE;
				GCC_WARN_UNUSED_FUNCTION = YES;
				GCC_WARN_UNUSED_VARIABLE = YES;
				IPHONEOS_DEPLOYMENT_TARGET = 8.0;
				MTL_ENABLE_DEBUG_INFO = NO;
				SDKROOT = iphoneos;
				TARGETED_DEVICE_FAMILY = "1,2";
				VALIDATE_PRODUCT = YES;
			};
			name = Release;
		};
		183E97DF19D139B60045453A /* Debug */ = {
			isa = XCBuildConfiguration;
			buildSettings = {
				ASSETCATALOG_COMPILER_APPICON_NAME = AppIcon;
				INFOPLIST_FILE = HideKeyboard/Info.plist;
				LD_RUNPATH_SEARCH_PATHS = "$(inherited) @executable_path/Frameworks";
				PRODUCT_NAME = "$(TARGET_NAME)";
			};
			name = Debug;
		};
		183E97E019D139B60045453A /* Release */ = {
			isa = XCBuildConfiguration;
			buildSettings = {
				ASSETCATALOG_COMPILER_APPICON_NAME = AppIcon;
				INFOPLIST_FILE = HideKeyboard/Info.plist;
				LD_RUNPATH_SEARCH_PATHS = "$(inherited) @executable_path/Frameworks";
				PRODUCT_NAME = "$(TARGET_NAME)";
			};
			name = Release;
		};
		183E97E219D139B60045453A /* Debug */ = {
			isa = XCBuildConfiguration;
			buildSettings = {
				BUNDLE_LOADER = "$(TEST_HOST)";
				FRAMEWORK_SEARCH_PATHS = (
					"$(SDKROOT)/Developer/Library/Frameworks",
					"$(inherited)",
				);
				GCC_PREPROCESSOR_DEFINITIONS = (
					"DEBUG=1",
					"$(inherited)",
				);
				INFOPLIST_FILE = HideKeyboardTests/Info.plist;
				LD_RUNPATH_SEARCH_PATHS = "$(inherited) @executable_path/Frameworks @loader_path/Frameworks";
				PRODUCT_NAME = "$(TARGET_NAME)";
				TEST_HOST = "$(BUILT_PRODUCTS_DIR)/HideKeyboard.app/HideKeyboard";
			};
			name = Debug;
		};
		183E97E319D139B60045453A /* Release */ = {
			isa = XCBuildConfiguration;
			buildSettings = {
				BUNDLE_LOADER = "$(TEST_HOST)";
				FRAMEWORK_SEARCH_PATHS = (
					"$(SDKROOT)/Developer/Library/Frameworks",
					"$(inherited)",
				);
				INFOPLIST_FILE = HideKeyboardTests/Info.plist;
				LD_RUNPATH_SEARCH_PATHS = "$(inherited) @executable_path/Frameworks @loader_path/Frameworks";
				PRODUCT_NAME = "$(TARGET_NAME)";
				TEST_HOST = "$(BUILT_PRODUCTS_DIR)/HideKeyboard.app/HideKeyboard";
			};
			name = Release;
		};
/* End XCBuildConfiguration section */

/* Begin XCConfigurationList section */
		183E97B619D139B60045453A /* Build configuration list for PBXProject "HideKeyboard" */ = {
			isa = XCConfigurationList;
			buildConfigurations = (
				183E97DC19D139B60045453A /* Debug */,
				183E97DD19D139B60045453A /* Release */,
			);
			defaultConfigurationIsVisible = 0;
			defaultConfigurationName = Release;
		};
		183E97DE19D139B60045453A /* Build configuration list for PBXNativeTarget "HideKeyboard" */ = {
			isa = XCConfigurationList;
			buildConfigurations = (
				183E97DF19D139B60045453A /* Debug */,
				183E97E019D139B60045453A /* Release */,
			);
			defaultConfigurationIsVisible = 0;
		};
		183E97E119D139B60045453A /* Build configuration list for PBXNativeTarget "HideKeyboardTests" */ = {
			isa = XCConfigurationList;
			buildConfigurations = (
				183E97E219D139B60045453A /* Debug */,
				183E97E319D139B60045453A /* Release */,
			);
			defaultConfigurationIsVisible = 0;
		};
/* End XCConfigurationList section */
	};
	rootObject = 183E97B319D139B60045453A /* Project object */;
}
